
Microsoft Visual Studio Solution File, Format Version 12.00
# Visual Studio Version 17
VisualStudioVersion = 17.14.36221.1 d17.14
MinimumVisualStudioVersion = 10.0.40219.1
Project("{FAE04EC0-301F-11D3-BF4B-00C04F79EFBC}") = "ControleGastosResidenciais", "ControleGastosResidenciais\ControleGastosResidenciais.csproj", "{9983D284-9E55-46F3-BDA1-7872E36B1716}"
EndProject
Global
	GlobalSection(SolutionConfigurationPlatforms) = preSolution
		Debug|Any CPU = Debug|Any CPU
		Release|Any CPU = Release|Any CPU
	EndGlobalSection
	GlobalSection(ProjectConfigurationPlatforms) = postSolution
		{9983D284-9E55-46F3-BDA1-7872E36B1716}.Debug|Any CPU.ActiveCfg = Debug|Any CPU
		{9983D284-9E55-46F3-BDA1-7872E36B1716}.Debug|Any CPU.Build.0 = Debug|Any CPU
		{9983D284-9E55-46F3-BDA1-7872E36B1716}.Release|Any CPU.ActiveCfg = Release|Any CPU
		{9983D284-9E55-46F3-BDA1-7872E36B1716}.Release|Any CPU.Build.0 = Release|Any CPU
	EndGlobalSection
	GlobalSection(SolutionProperties) = preSolution
		HideSolutionNode = FALSE
	EndGlobalSection
	GlobalSection(ExtensibilityGlobals) = postSolution
		SolutionGuid = {B657E2D4-22DF-46B7-BD33-38B657C94916}
	EndGlobalSection
EndGlobal
